
Microsoft Visual Studio Solution File, Format Version 12.00
# Visual Studio Version 17
VisualStudioVersion = 17.5.002.0
MinimumVisualStudioVersion = 10.0.40219.1
Project("{9A19103F-16F7-4668-BE54-9A1E7A4F7556}") = "PowerShell.Predictor", "src\PowerShell.Predictor.csproj", "{ECE4A94C-E3E6-4818-ADA8-143DAA26FE99}"
EndProject
Global
	GlobalSection(SolutionConfigurationPlatforms) = preSolution
		Debug|Any CPU = Debug|Any CPU
		Release|Any CPU = Release|Any CPU
	EndGlobalSection
	GlobalSection(ProjectConfigurationPlatforms) = postSolution
		{ECE4A94C-E3E6-4818-ADA8-143DAA26FE99}.Debug|Any CPU.ActiveCfg = Debug|Any CPU
		{ECE4A94C-E3E6-4818-ADA8-143DAA26FE99}.Debug|Any CPU.Build.0 = Debug|Any CPU
		{ECE4A94C-E3E6-4818-ADA8-143DAA26FE99}.Release|Any CPU.ActiveCfg = Release|Any CPU
		{ECE4A94C-E3E6-4818-ADA8-143DAA26FE99}.Release|Any CPU.Build.0 = Release|Any CPU
	EndGlobalSection
	GlobalSection(SolutionProperties) = preSolution
		HideSolutionNode = FALSE
	EndGlobalSection
	GlobalSection(ExtensibilityGlobals) = postSolution
		SolutionGuid = {E44B7786-5A1A-4D3C-9596-29CB258637EE}
	EndGlobalSection
EndGlobal
